
Microsoft Visual Studio Solution File, Format Version 12.00
# Visual Studio Version 17
VisualStudioVersion = 17.8.34316.72
MinimumVisualStudioVersion = 10.0.40219.1
Project("{FAE04EC0-301F-11D3-BF4B-00C04F79EFBC}") = "BakerCommerce", "BakerCommerce\BakerCommerce.csproj", "{DA2C95C0-AEA5-4F21-B10D-F0A26D15C72B}"
EndProject
Global
	GlobalSection(SolutionConfigurationPlatforms) = preSolution
		Debug|Any CPU = Debug|Any CPU
		Release|Any CPU = Release|Any CPU
	EndGlobalSection
	GlobalSection(ProjectConfigurationPlatforms) = postSolution
		{DA2C95C0-AEA5-4F21-B10D-F0A26D15C72B}.Debug|Any CPU.ActiveCfg = Debug|Any CPU
		{DA2C95C0-AEA5-4F21-B10D-F0A26D15C72B}.Debug|Any CPU.Build.0 = Debug|Any CPU
		{DA2C95C0-AEA5-4F21-B10D-F0A26D15C72B}.Release|Any CPU.ActiveCfg = Release|Any CPU
		{DA2C95C0-AEA5-4F21-B10D-F0A26D15C72B}.Release|Any CPU.Build.0 = Release|Any CPU
	EndGlobalSection
	GlobalSection(SolutionProperties) = preSolution
		HideSolutionNode = FALSE
	EndGlobalSection
	GlobalSection(ExtensibilityGlobals) = postSolution
		SolutionGuid = {B69A7227-3238-45A3-9E5E-2DD71B431421}
	EndGlobalSection
EndGlobal
